
Microsoft Visual Studio Solution File, Format Version 12.00
# Visual Studio Version 16
VisualStudioVersion = 16.0.36422.26
MinimumVisualStudioVersion = 10.0.40219.1
Project("{FAE04EC0-301F-11D3-BF4B-00C04F79EFBC}") = "OOP_Lab3", "OOP_Lab3\OOP_Lab3.csproj", "{084DCFA8-5F73-4718-8EC7-0668CF60EAD1}"
EndProject
Global
	GlobalSection(SolutionConfigurationPlatforms) = preSolution
		Debug|Any CPU = Debug|Any CPU
		Release|Any CPU = Release|Any CPU
	EndGlobalSection
	GlobalSection(ProjectConfigurationPlatforms) = postSolution
		{084DCFA8-5F73-4718-8EC7-0668CF60EAD1}.Debug|Any CPU.ActiveCfg = Debug|Any CPU
		{084DCFA8-5F73-4718-8EC7-0668CF60EAD1}.Debug|Any CPU.Build.0 = Debug|Any CPU
		{084DCFA8-5F73-4718-8EC7-0668CF60EAD1}.Release|Any CPU.ActiveCfg = Release|Any CPU
		{084DCFA8-5F73-4718-8EC7-0668CF60EAD1}.Release|Any CPU.Build.0 = Release|Any CPU
	EndGlobalSection
	GlobalSection(SolutionProperties) = preSolution
		HideSolutionNode = FALSE
	EndGlobalSection
	GlobalSection(ExtensibilityGlobals) = postSolution
		SolutionGuid = {60CDF4A4-CEE9-47C6-8DBB-966EA5A5C9C7}
	EndGlobalSection
EndGlobal
